github.com/aditya43/clear-shell-screen-golang v0.0.0-20200419021057-6fa7bb4a928b h1:GK0oDR4+OKyNWkiRgprzp395BHqVYE80BiYheAYYCXY=
github.com/aditya43/clear-shell-screen-golang v0.0.0-20200419021057-6fa7bb4a928b/go.mod h1:vXIQKo/MVgYcH/9MmBMuzW71nCyVOC0kCQoidq/Ob6U=
golang.org/x/crypto v0.3.0 h1:a06MkbcxBrEFc0w0QIZWXrH/9cCX6KJyWbBOIwAn+7A=
golang.org/x/crypto v0.3.0/go.mod h1:hebNnKkNXi2UzZN1eVRvBB7co0a+JxK6XbPiWVs/3J4=
golang.org/x/exp v0.0.0-20221114191408-850992195362 h1:NoHlPRbyl1VFI6FjwHtPQCN7wAMXI6cKcqrmXhOOfBQ=
golang.org/x/exp v0.0.0-20221114191408-850992195362/go.mod h1:CxIveKay+FTh1D0yPZemJVgC/95VzuuOLq5Qi4xnoYc=
golang.org/x/sys v0.2.0 h1:ljd4t30dBnAvMZaQCevtY0xLLD0A+bRZXbgLMLU1F/A=
golang.org/x/sys v0.2.0/go.mod h1:oPkhp1MJrh7nUepCBck5+mAzfO9JrbApNNgaTdGDITg=
golang.org/x/term v0.2.0 h1:z85xZCsEl7bi/KwbNADeBYoOP0++7W1ipu+aGnpwzRM=
golang.org/x/term v0.2.0/go.mod h1:TVmDHMZPmdnySmBfhjOoOdhjzdE1h4u1VwSiw2l1Nuc=
